
Microsoft Visual Studio Solution File, Format Version 12.00
# Visual Studio Version 16
VisualStudioVersion = 16.0.29001.49
MinimumVisualStudioVersion = 10.0.40219.1
Project("{8BC9CEB8-8B4A-11D0-8D11-00A0C91BC942}") = "Cpp", "Cpp\Cpp.vcxproj", "{AE3DBC6C-9F9B-41E9-9044-984AB3664DE1}"
EndProject
Global
	GlobalSection(SolutionConfigurationPlatforms) = preSolution
		Debug|x64 = Debug|x64
		Debug|x86 = Debug|x86
		Release|x64 = Release|x64
		Release|x86 = Release|x86
	EndGlobalSection
	GlobalSection(ProjectConfigurationPlatforms) = postSolution
		{AE3DBC6C-9F9B-41E9-9044-984AB3664DE1}.Debug|x64.ActiveCfg = Debug|x64
		{AE3DBC6C-9F9B-41E9-9044-984AB3664DE1}.Debug|x64.Build.0 = Debug|x64
		{AE3DBC6C-9F9B-41E9-9044-984AB3664DE1}.Debug|x86.ActiveCfg = Debug|Win32
		{AE3DBC6C-9F9B-41E9-9044-984AB3664DE1}.Debug|x86.Build.0 = Debug|Win32
		{AE3DBC6C-9F9B-41E9-9044-984AB3664DE1}.Release|x64.ActiveCfg = Release|x64
		{AE3DBC6C-9F9B-41E9-9044-984AB3664DE1}.Release|x64.Build.0 = Release|x64
		{AE3DBC6C-9F9B-41E9-9044-984AB3664DE1}.Release|x86.ActiveCfg = Release|Win32
		{AE3DBC6C-9F9B-41E9-9044-984AB3664DE1}.Release|x86.Build.0 = Release|Win32
	EndGlobalSection
	GlobalSection(SolutionProperties) = preSolution
		HideSolutionNode = FALSE
	EndGlobalSection
	GlobalSection(ExtensibilityGlobals) = postSolution
		SolutionGuid = {A09E2C1F-86D0-4EEE-9AFE-23402624CF27}
	EndGlobalSection
EndGlobal
